// !$*UTF8*$!
{
	archiveVersion = 1;
	classes = {
	};
	objectVersion = 46;
	objects = {

/* Begin PBXBuildFile section */
		0711B4B419D5B52200F00A44 /* mizunonaka.mp3 in Resources */ = {isa = PBXBuildFile; fileRef = 0711B4B319D5B52200F00A44 /* mizunonaka.mp3 */; };
		072A9A5919D30C8F00C224F7 /* sgf01a201408310400.jpg in Resources */ = {isa = PBXBuildFile; fileRef = 072A9A5819D30C8F00C224F7 /* sgf01a201408310400.jpg */; };
		07A3060A19D93741009AC42F /* TOP-2-1.png in Resources */ = {isa = PBXBuildFile; fileRef = 07A3060719D93741009AC42F /* TOP-2-1.png */; };
		07A3060B19D93741009AC42F /* TOP-2-2.png in Resources */ = {isa = PBXBuildFile; fileRef = 07A3060819D93741009AC42F /* TOP-2-2.png */; };
		07A3060C19D93741009AC42F /* TOP-2-3.png in Resources */ = {isa = PBXBuildFile; fileRef = 07A3060919D93741009AC42F /* TOP-2-3.png */; };
		07A3060E19D93855009AC42F /* yurikagonouta.mp3 in Resources */ = {isa = PBXBuildFile; fileRef = 07A3060D19D93855009AC42F /* yurikagonouta.mp3 */; };
		07CD634B19D29C7300130473 /* main.m in Sources */ = {isa = PBXBuildFile; fileRef = 07CD634A19D29C7300130473 /* main.m */; };
		07CD634E19D29C7300130473 /* AppDelegate.m in Sources */ = {isa = PBXBuildFile; fileRef = 07CD634D19D29C7300130473 /* AppDelegate.m */; };
		07CD635119D29C7300130473 /* ViewController.m in Sources */ = {isa = PBXBuildFile; fileRef = 07CD635019D29C7300130473 /* ViewController.m */; };
		07CD635419D29C7300130473 /* Main.storyboard in Resources */ = {isa = PBXBuildFile; fileRef = 07CD635219D29C7300130473 /* Main.storyboard */; };
		07CD635619D29C7300130473 /* Images.xcassets in Resources */ = {isa = PBXBuildFile; fileRef = 07CD635519D29C7300130473 /* Images.xcassets */; };
		07CD635919D29C7300130473 /* LaunchScreen.xib in Resources */ = {isa = PBXBuildFile; fileRef = 07CD635719D29C7300130473 /* LaunchScreen.xib */; };
		07CD636519D29C7300130473 /* huruhuruplayerTests.m in Sources */ = {isa = PBXBuildFile; fileRef = 07CD636419D29C7300130473 /* huruhuruplayerTests.m */; };
		07DF513419D5279D00801CB9 /* QuartzCore.framework in Frameworks */ = {isa = PBXBuildFile; fileRef = 07DF513319D5279D00801CB9 /* QuartzCore.framework */; };
		07EA897C19D538730008244C /* CoreMotion.framework in Frameworks */ = {isa = PBXBuildFile; fileRef = 07EA897B19D538730008244C /* CoreMotion.framework */; };
/* End PBXBuildFile section */

/* Begin PBXContainerItemProxy section */
		07CD635F19D29C7300130473 /* PBXContainerItemProxy */ = {
			isa = PBXContainerItemProxy;
			containerPortal = 07CD633D19D29C7300130473 /* Project object */;
			proxyType = 1;
			remoteGlobalIDString = 07CD634419D29C7300130473;
			remoteInfo = huruhuruplayer;
		};
/* End PBXContainerItemProxy section */

/* Begin PBXFileReference section */
		0711B4B319D5B52200F00A44 /* mizunonaka.mp3 */ = {isa = PBXFileReference; lastKnownFileType = audio.mp3; name = mizunonaka.mp3; path = ../../../tennpureto/mizunonaka.mp3; sourceTree = "<group>"; };
		072A9A5819D30C8F00C224F7 /* sgf01a201408310400.jpg */ = {isa = PBXFileReference; lastKnownFileType = image.jpeg; name = sgf01a201408310400.jpg; path = ../../tennpureto/sgf01a201408310400.jpg; sourceTree = "<group>"; };
		07A3060719D93741009AC42F /* TOP-2-1.png */ = {isa = PBXFileReference; lastKnownFileType = image.png; path = "TOP-2-1.png"; sourceTree = "<group>"; };
		07A3060819D93741009AC42F /* TOP-2-2.png */ = {isa = PBXFileReference; lastKnownFileType = image.png; path = "TOP-2-2.png"; sourceTree = "<group>"; };
		07A3060919D93741009AC42F /* TOP-2-3.png */ = {isa = PBXFileReference; lastKnownFileType = image.png; path = "TOP-2-3.png"; sourceTree = "<group>"; };
		07A3060D19D93855009AC42F /* yurikagonouta.mp3 */ = {isa = PBXFileReference; lastKnownFileType = audio.mp3; path = yurikagonouta.mp3; sourceTree = "<group>"; };
		07CD634519D29C7300130473 /* huruhuruplayer.app */ = {isa = PBXFileReference; explicitFileType = wrapper.application; includeInIndex = 0; path = huruhuruplayer.app; sourceTree = BUILT_PRODUCTS_DIR; };
		07CD634919D29C7300130473 /* Info.plist */ = {isa = PBXFileReference; lastKnownFileType = text.plist.xml; path = Info.plist; sourceTree = "<group>"; };
		07CD634A19D29C7300130473 /* main.m */ = {isa = PBXFileReference; lastKnownFileType = sourcecode.c.objc; path = main.m; sourceTree = "<group>"; };
		07CD634C19D29C7300130473 /* AppDelegate.h */ = {isa = PBXFileReference; lastKnownFileType = sourcecode.c.h; path = AppDelegate.h; sourceTree = "<group>"; };
		07CD634D19D29C7300130473 /* AppDelegate.m */ = {isa = PBXFileReference; lastKnownFileType = sourcecode.c.objc; path = AppDelegate.m; sourceTree = "<group>"; };
		07CD634F19D29C7300130473 /* ViewController.h */ = {isa = PBXFileReference; lastKnownFileType = sourcecode.c.h; path = ViewController.h; sourceTree = "<group>"; };
		07CD635019D29C7300130473 /* ViewController.m */ = {isa = PBXFileReference; lastKnownFileType = sourcecode.c.objc; path = ViewController.m; sourceTree = "<group>"; };
		07CD635319D29C7300130473 /* Base */ = {isa = PBXFileReference; lastKnownFileType = file.storyboard; name = Base; path = Base.lproj/Main.storyboard; sourceTree = "<group>"; };
		07CD635519D29C7300130473 /* Images.xcassets */ = {isa = PBXFileReference; lastKnownFileType = folder.assetcatalog; path = Images.xcassets; sourceTree = "<group>"; };
		07CD635819D29C7300130473 /* Base */ = {isa = PBXFileReference; lastKnownFileType = file.xib; name = Base; path = Base.lproj/LaunchScreen.xib; sourceTree = "<group>"; };
		07CD635E19D29C7300130473 /* huruhuruplayerTests.xctest */ = {isa = PBXFileReference; explicitFileType = wrapper.cfbundle; includeInIndex = 0; path = huruhuruplayerTests.xctest; sourceTree = BUILT_PRODUCTS_DIR; };
		07CD636319D29C7300130473 /* Info.plist */ = {isa = PBXFileReference; lastKnownFileType = text.plist.xml; path = Info.plist; sourceTree = "<group>"; };
		07CD636419D29C7300130473 /* huruhuruplayerTests.m */ = {isa = PBXFileReference; lastKnownFileType = sourcecode.c.objc; path = huruhuruplayerTests.m; sourceTree = "<group>"; };
		07DF513319D5279D00801CB9 /* QuartzCore.framework */ = {isa = PBXFileReference; lastKnownFileType = wrapper.framework; name = QuartzCore.framework; path = System/Library/Frameworks/QuartzCore.framework; sourceTree = SDKROOT; };
		07EA897B19D538730008244C /* CoreMotion.framework */ = {isa = PBXFileReference; lastKnownFileType = wrapper.framework; name = CoreMotion.framework; path = System/Library/Frameworks/CoreMotion.framework; sourceTree = SDKROOT; };
/* End PBXFileReference section */

/* Begin PBXFrameworksBuildPhase section */
		07CD634219D29C7300130473 /* Frameworks */ = {
			isa = PBXFrameworksBuildPhase;
			buildActionMask = 2147483647;
			files = (
				07EA897C19D538730008244C /* CoreMotion.framework in Frameworks */,
				07DF513419D5279D00801CB9 /* QuartzCore.framework in Frameworks */,
			);
			runOnlyForDeploymentPostprocessing = 0;
		};
		07CD635B19D29C7300130473 /* Frameworks */ = {
			isa = PBXFrameworksBuildPhase;
			buildActionMask = 2147483647;
			files = (
			);
			runOnlyForDeploymentPostprocessing = 0;
		};
/* End PBXFrameworksBuildPhase section */

/* Begin PBXGroup section */
		07CD633C19D29C7200130473 = {
			isa = PBXGroup;
			children = (
				07EA897B19D538730008244C /* CoreMotion.framework */,
				07DF513319D5279D00801CB9 /* QuartzCore.framework */,
				07CD634719D29C7300130473 /* huruhuruplayer */,
				072A9A5819D30C8F00C224F7 /* sgf01a201408310400.jpg */,
				07CD636119D29C7300130473 /* huruhuruplayerTests */,
				07CD634619D29C7300130473 /* Products */,
			);
			sourceTree = "<group>";
		};
		07CD634619D29C7300130473 /* Products */ = {
			isa = PBXGroup;
			children = (
				07CD634519D29C7300130473 /* huruhuruplayer.app */,
				07CD635E19D29C7300130473 /* huruhuruplayerTests.xctest */,
			);
			name = Products;
			sourceTree = "<group>";
		};
		07CD634719D29C7300130473 /* huruhuruplayer */ = {
			isa = PBXGroup;
			children = (
				07CD634C19D29C7300130473 /* AppDelegate.h */,
				07CD634D19D29C7300130473 /* AppDelegate.m */,
				07CD634F19D29C7300130473 /* ViewController.h */,
				07CD635019D29C7300130473 /* ViewController.m */,
				07CD635219D29C7300130473 /* Main.storyboard */,
				07CD635519D29C7300130473 /* Images.xcassets */,
				07CD635719D29C7300130473 /* LaunchScreen.xib */,
				07CD634819D29C7300130473 /* Supporting Files */,
			);
			path = huruhuruplayer;
			sourceTree = "<group>";
		};
		07CD634819D29C7300130473 /* Supporting Files */ = {
			isa = PBXGroup;
			children = (
				07A3060D19D93855009AC42F /* yurikagonouta.mp3 */,
				07A3060719D93741009AC42F /* TOP-2-1.png */,
				07A3060819D93741009AC42F /* TOP-2-2.png */,
				07A3060919D93741009AC42F /* TOP-2-3.png */,
				0711B4B319D5B52200F00A44 /* mizunonaka.mp3 */,
				07CD634919D29C7300130473 /* Info.plist */,
				07CD634A19D29C7300130473 /* main.m */,
			);
			name = "Supporting Files";
			sourceTree = "<group>";
		};
		07CD636119D29C7300130473 /* huruhuruplayerTests */ = {
			isa = PBXGroup;
			children = (
				07CD636419D29C7300130473 /* huruhuruplayerTests.m */,
				07CD636219D29C7300130473 /* Supporting Files */,
			);
			path = huruhuruplayerTests;
			sourceTree = "<group>";
		};
		07CD636219D29C7300130473 /* Supporting Files */ = {
			isa = PBXGroup;
			children = (
				07CD636319D29C7300130473 /* Info.plist */,
			);
			name = "Supporting Files";
			sourceTree = "<group>";
		};
/* End PBXGroup section */

/* Begin PBXNativeTarget section */
		07CD634419D29C7300130473 /* huruhuruplayer */ = {
			isa = PBXNativeTarget;
			buildConfigurationList = 07CD636819D29C7300130473 /* Build configuration list for PBXNativeTarget "huruhuruplayer" */;
			buildPhases = (
				07CD634119D29C7300130473 /* Sources */,
				07CD634219D29C7300130473 /* Frameworks */,
				07CD634319D29C7300130473 /* Resources */,
			);
			buildRules = (
			);
			dependencies = (
			);
			name = huruhuruplayer;
			productName = huruhuruplayer;
			productReference = 07CD634519D29C7300130473 /* huruhuruplayer.app */;
			productType = "com.apple.product-type.application";
		};
		07CD635D19D29C7300130473 /* huruhuruplayerTests */ = {
			isa = PBXNativeTarget;
			buildConfigurationList = 07CD636B19D29C7300130473 /* Build configuration list for PBXNativeTarget "huruhuruplayerTests" */;
			buildPhases = (
				07CD635A19D29C7300130473 /* Sources */,
				07CD635B19D29C7300130473 /* Frameworks */,
				07CD635C19D29C7300130473 /* Resources */,
			);
			buildRules = (
			);
			dependencies = (
				07CD636019D29C7300130473 /* PBXTargetDependency */,
			);
			name = huruhuruplayerTests;
			productName = huruhuruplayerTests;
			productReference = 07CD635E19D29C7300130473 /* huruhuruplayerTests.xctest */;
			productType = "com.apple.product-type.bundle.unit-test";
		};
/* End PBXNativeTarget section */

/* Begin PBXProject section */
		07CD633D19D29C7300130473 /* Project object */ = {
			isa = PBXProject;
			attributes = {
				LastUpgradeCheck = 0600;
				ORGANIZATIONNAME = "ビザンコムマック０４";
				TargetAttributes = {
					07CD634419D29C7300130473 = {
						CreatedOnToolsVersion = 6.0.1;
					};
					07CD635D19D29C7300130473 = {
						CreatedOnToolsVersion = 6.0.1;
						TestTargetID = 07CD634419D29C7300130473;
					};
				};
			};
			buildConfigurationList = 07CD634019D29C7300130473 /* Build configuration list for PBXProject "huruhuruplayer" */;
			compatibilityVersion = "Xcode 3.2";
			developmentRegion = English;
			hasScannedForEncodings = 0;
			knownRegions = (
				en,
				Base,
			);
			mainGroup = 07CD633C19D29C7200130473;
			productRefGroup = 07CD634619D29C7300130473 /* Products */;
			projectDirPath = "";
			projectRoot = "";
			targets = (
				07CD634419D29C7300130473 /* huruhuruplayer */,
				07CD635D19D29C7300130473 /* huruhuruplayerTests */,
			);
		};
/* End PBXProject section */

/* Begin PBXResourcesBuildPhase section */
		07CD634319D29C7300130473 /* Resources */ = {
			isa = PBXResourcesBuildPhase;
			buildActionMask = 2147483647;
			files = (
				07A3060C19D93741009AC42F /* TOP-2-3.png in Resources */,
				07CD635419D29C7300130473 /* Main.storyboard in Resources */,
				07A3060B19D93741009AC42F /* TOP-2-2.png in Resources */,
				07A3060E19D93855009AC42F /* yurikagonouta.mp3 in Resources */,
				07A3060A19D93741009AC42F /* TOP-2-1.png in Resources */,
				07CD635919D29C7300130473 /* LaunchScreen.xib in Resources */,
				072A9A5919D30C8F00C224F7 /* sgf01a201408310400.jpg in Resources */,
				07CD635619D29C7300130473 /* Images.xcassets in Resources */,
				0711B4B419D5B52200F00A44 /* mizunonaka.mp3 in Resources */,
			);
			runOnlyForDeploymentPostprocessing = 0;
		};
		07CD635C19D29C7300130473 /* Resources */ = {
			isa = PBXResourcesBuildPhase;
			buildActionMask = 2147483647;
			files = (
			);
			runOnlyForDeploymentPostprocessing = 0;
		};
/* End PBXResourcesBuildPhase section */

/* Begin PBXSourcesBuildPhase section */
		07CD634119D29C7300130473 /* Sources */ = {
			isa = PBXSourcesBuildPhase;
			buildActionMask = 2147483647;
			files = (
				07CD635119D29C7300130473 /* ViewController.m in Sources */,
				07CD634E19D29C7300130473 /* AppDelegate.m in Sources */,
				07CD634B19D29C7300130473 /* main.m in Sources */,
			);
			runOnlyForDeploymentPostprocessing = 0;
		};
		07CD635A19D29C7300130473 /* Sources */ = {
			isa = PBXSourcesBuildPhase;
			buildActionMask = 2147483647;
			files = (
				07CD636519D29C7300130473 /* huruhuruplayerTests.m in Sources */,
			);
			runOnlyForDeploymentPostprocessing = 0;
		};
/* End PBXSourcesBuildPhase section */

/* Begin PBXTargetDependency section */
		07CD636019D29C7300130473 /* PBXTargetDependency */ = {
			isa = PBXTargetDependency;
			target = 07CD634419D29C7300130473 /* huruhuruplayer */;
			targetProxy = 07CD635F19D29C7300130473 /* PBXContainerItemProxy */;
		};
/* End PBXTargetDependency section */

/* Begin PBXVariantGroup section */
		07CD635219D29C7300130473 /* Main.storyboard */ = {
			isa = PBXVariantGroup;
			children = (
				07CD635319D29C7300130473 /* Base */,
			);
			name = Main.storyboard;
			sourceTree = "<group>";
		};
		07CD635719D29C7300130473 /* LaunchScreen.xib */ = {
			isa = PBXVariantGroup;
			children = (
				07CD635819D29C7300130473 /* Base */,
			);
			name = LaunchScreen.xib;
			sourceTree = "<group>";
		};
/* End PBXVariantGroup section */

/* Begin XCBuildConfiguration section */
		07CD636619D29C7300130473 /* Debug */ = {
			isa = XCBuildConfiguration;
			buildSettings = {
				ALWAYS_SEARCH_USER_PATHS = NO;
				CLANG_CXX_LANGUAGE_STANDARD = "gnu++0x";
				CLANG_CXX_LIBRARY = "libc++";
				CLANG_ENABLE_MODULES = YES;
				CLANG_ENABLE_OBJC_ARC = YES;
				CLANG_WARN_BOOL_CONVERSION = YES;
				CLANG_WARN_CONSTANT_CONVERSION = YES;
				CLANG_WARN_DIRECT_OBJC_ISA_USAGE = YES_ERROR;
				CLANG_WARN_EMPTY_BODY = YES;
				CLANG_WARN_ENUM_CONVERSION = YES;
				CLANG_WARN_INT_CONVERSION = YES;
				CLANG_WARN_OBJC_ROOT_CLASS = YES_ERROR;
				CLANG_WARN_UNREACHABLE_CODE = YES;
				CLANG_WARN__DUPLICATE_METHOD_MATCH = YES;
				"CODE_SIGN_IDENTITY[sdk=iphoneos*]" = "iPhone Developer";
				COPY_PHASE_STRIP = NO;
				ENABLE_STRICT_OBJC_MSGSEND = YES;
				GCC_C_LANGUAGE_STANDARD = gnu99;
				GCC_DYNAMIC_NO_PIC = NO;
				GCC_OPTIMIZATION_LEVEL = 0;
				GCC_PREPROCESSOR_DEFINITIONS = (
					"DEBUG=1",
					"$(inherited)",
				);
				GCC_SYMBOLS_PRIVATE_EXTERN = NO;
				GCC_WARN_64_TO_32_BIT_CONVERSION = YES;
				GCC_WARN_ABOUT_RETURN_TYPE = YES_ERROR;
				GCC_WARN_UNDECLARED_SELECTOR = YES;
				GCC_WARN_UNINITIALIZED_AUTOS = YES_AGGRESSIVE;
				GCC_WARN_UNUSED_FUNCTION = YES;
				GCC_WARN_UNUSED_VARIABLE = YES;
				IPHONEOS_DEPLOYMENT_TARGET = 8.0;
				MTL_ENABLE_DEBUG_INFO = YES;
				ONLY_ACTIVE_ARCH = YES;
				SDKROOT = iphoneos;
			};
			name = Debug;
		};
		07CD636719D29C7300130473 /* Release */ = {
			isa = XCBuildConfiguration;
			buildSettings = {
				ALWAYS_SEARCH_USER_PATHS = NO;
				CLANG_CXX_LANGUAGE_STANDARD = "gnu++0x";
				CLANG_CXX_LIBRARY = "libc++";
				CLANG_ENABLE_MODULES = YES;
				CLANG_ENABLE_OBJC_ARC = YES;
				CLANG_WARN_BOOL_CONVERSION = YES;
				CLANG_WARN_CONSTANT_CONVERSION = YES;
				CLANG_WARN_DIRECT_OBJC_ISA_USAGE = YES_ERROR;
				CLANG_WARN_EMPTY_BODY = YES;
				CLANG_WARN_ENUM_CONVERSION = YES;
				CLANG_WARN_INT_CONVERSION = YES;
				CLANG_WARN_OBJC_ROOT_CLASS = YES_ERROR;
				CLANG_WARN_UNREACHABLE_CODE = YES;
				CLANG_WARN__DUPLICATE_METHOD_MATCH = YES;
				"CODE_SIGN_IDENTITY[sdk=iphoneos*]" = "iPhone Developer";
				COPY_PHASE_STRIP = YES;
				ENABLE_NS_ASSERTIONS = NO;
				ENABLE_STRICT_OBJC_MSGSEND = YES;
				GCC_C_LANGUAGE_STANDARD = gnu99;
				GCC_WARN_64_TO_32_BIT_CONVERSION = YES;
				GCC_WARN_ABOUT_RETURN_TYPE = YES_ERROR;
				GCC_WARN_UNDECLARED_SELECTOR = YES;
				GCC_WARN_UNINITIALIZED_AUTOS = YES_AGGRESSIVE;
				GCC_WARN_UNUSED_FUNCTION = YES;
				GCC_WARN_UNUSED_VARIABLE = YES;
				IPHONEOS_DEPLOYMENT_TARGET = 8.0;
				MTL_ENABLE_DEBUG_INFO = NO;
				SDKROOT = iphoneos;
				VALIDATE_PRODUCT = YES;
			};
			name = Release;
		};
		07CD636919D29C7300130473 /* Debug */ = {
			isa = XCBuildConfiguration;
			buildSettings = {
				ASSETCATALOG_COMPILER_APPICON_NAME = AppIcon;
				INFOPLIST_FILE = huruhuruplayer/Info.plist;
				LD_RUNPATH_SEARCH_PATHS = "$(inherited) @executable_path/Frameworks";
				PRODUCT_NAME = "$(TARGET_NAME)";
			};
			name = Debug;
		};
		07CD636A19D29C7300130473 /* Release */ = {
			isa = XCBuildConfiguration;
			buildSettings = {
				ASSETCATALOG_COMPILER_APPICON_NAME = AppIcon;
				INFOPLIST_FILE = huruhuruplayer/Info.plist;
				LD_RUNPATH_SEARCH_PATHS = "$(inherited) @executable_path/Frameworks";
				PRODUCT_NAME = "$(TARGET_NAME)";
			};
			name = Release;
		};
		07CD636C19D29C7300130473 /* Debug */ = {
			isa = XCBuildConfiguration;
			buildSettings = {
				BUNDLE_LOADER = "$(TEST_HOST)";
				FRAMEWORK_SEARCH_PATHS = (
					"$(SDKROOT)/Developer/Library/Frameworks",
					"$(inherited)",
				);
				GCC_PREPROCESSOR_DEFINITIONS = (
					"DEBUG=1",
					"$(inherited)",
				);
				INFOPLIST_FILE = huruhuruplayerTests/Info.plist;
				LD_RUNPATH_SEARCH_PATHS = "$(inherited) @executable_path/Frameworks @loader_path/Frameworks";
				PRODUCT_NAME = "$(TARGET_NAME)";
				TEST_HOST = "$(BUILT_PRODUCTS_DIR)/huruhuruplayer.app/huruhuruplayer";
			};
			name = Debug;
		};
		07CD636D19D29C7300130473 /* Release */ = {
			isa = XCBuildConfiguration;
			buildSettings = {
				BUNDLE_LOADER = "$(TEST_HOST)";
				FRAMEWORK_SEARCH_PATHS = (
					"$(SDKROOT)/Developer/Library/Frameworks",
					"$(inherited)",
				);
				INFOPLIST_FILE = huruhuruplayerTests/Info.plist;
				LD_RUNPATH_SEARCH_PATHS = "$(inherited) @executable_path/Frameworks @loader_path/Frameworks";
				PRODUCT_NAME = "$(TARGET_NAME)";
				TEST_HOST = "$(BUILT_PRODUCTS_DIR)/huruhuruplayer.app/huruhuruplayer";
			};
			name = Release;
		};
/* End XCBuildConfiguration section */

/* Begin XCConfigurationList section */
		07CD634019D29C7300130473 /* Build configuration list for PBXProject "huruhuruplayer" */ = {
			isa = XCConfigurationList;
			buildConfigurations = (
				07CD636619D29C7300130473 /* Debug */,
				07CD636719D29C7300130473 /* Release */,
			);
			defaultConfigurationIsVisible = 0;
			defaultConfigurationName = Release;
		};
		07CD636819D29C7300130473 /* Build configuration list for PBXNativeTarget "huruhuruplayer" */ = {
			isa = XCConfigurationList;
			buildConfigurations = (
				07CD636919D29C7300130473 /* Debug */,
				07CD636A19D29C7300130473 /* Release */,
			);
			defaultConfigurationIsVisible = 0;
			defaultConfigurationName = Release;
		};
		07CD636B19D29C7300130473 /* Build configuration list for PBXNativeTarget "huruhuruplayerTests" */ = {
			isa = XCConfigurationList;
			buildConfigurations = (
				07CD636C19D29C7300130473 /* Debug */,
				07CD636D19D29C7300130473 /* Release */,
			);
			defaultConfigurationIsVisible = 0;
			defaultConfigurationName = Release;
		};
/* End XCConfigurationList section */
	};
	rootObject = 07CD633D19D29C7300130473 /* Project object */;
}
